
Microsoft Visual Studio Solution File, Format Version 12.00
# Visual Studio Version 16
VisualStudioVersion = 16.0.32002.261
MinimumVisualStudioVersion = 10.0.40219.1
Project("{FAE04EC0-301F-11D3-BF4B-00C04F79EFBC}") = "Basics C Sharp", "Basics C Sharp\Basics C Sharp.csproj", "{C8C02CEE-BF84-4D7E-82D8-6F60EFE234F3}"
EndProject
Global
	GlobalSection(SolutionConfigurationPlatforms) = preSolution
		Debug|Any CPU = Debug|Any CPU
		Release|Any CPU = Release|Any CPU
	EndGlobalSection
	GlobalSection(ProjectConfigurationPlatforms) = postSolution
		{C8C02CEE-BF84-4D7E-82D8-6F60EFE234F3}.Debug|Any CPU.ActiveCfg = Debug|Any CPU
		{C8C02CEE-BF84-4D7E-82D8-6F60EFE234F3}.Debug|Any CPU.Build.0 = Debug|Any CPU
		{C8C02CEE-BF84-4D7E-82D8-6F60EFE234F3}.Release|Any CPU.ActiveCfg = Release|Any CPU
		{C8C02CEE-BF84-4D7E-82D8-6F60EFE234F3}.Release|Any CPU.Build.0 = Release|Any CPU
	EndGlobalSection
	GlobalSection(SolutionProperties) = preSolution
		HideSolutionNode = FALSE
	EndGlobalSection
	GlobalSection(ExtensibilityGlobals) = postSolution
		SolutionGuid = {1A086590-692B-448C-92AF-8230726C0A8B}
	EndGlobalSection
EndGlobal
